schema: '2.0'
stages:
  scrape:
    cmd: python scripts/01_scrape.py
    deps:
    - path: .env
      hash: md5
      md5: 06e5dc79602024c7e6149d2cc27a5198
      size: 271
    - path: llm_podcast/settings.py
      hash: md5
      md5: f76db3302b00fa76c045548eff6bbb79
      size: 847
    - path: scripts/01_scrape.py
      hash: md5
      md5: 15d665b192f157c9cadb16c31b84be3c
      size: 4024
    outs:
    - path: data/meeting
      hash: md5
      md5: 04827978faae579c7852127beeabb8ba.dir
      size: 16379
      nfiles: 1
  download:
    cmd: python scripts/02_download.py
    deps:
    - path: data/meeting
      hash: md5
      md5: 04827978faae579c7852127beeabb8ba.dir
      size: 16379
      nfiles: 1
    - path: llm_podcast/settings.py
      hash: md5
      md5: f76db3302b00fa76c045548eff6bbb79
      size: 847
    - path: scripts/02_download.py
      hash: md5
      md5: 9c3a06add68cabc17fb0ed8c51a2e020
      size: 911
    outs:
    - path: data/pdf
      hash: md5
      md5: 62c4fc56249f308b81684978a95ca8b5.dir
      size: 17994685
      nfiles: 50
  pdf_to_txt:
    cmd: python scripts/03_transcribe.py
    deps:
    - path: data/meeting
      hash: md5
      md5: 04827978faae579c7852127beeabb8ba.dir
      size: 16379
      nfiles: 1
    - path: data/pdf
      hash: md5
      md5: 62c4fc56249f308b81684978a95ca8b5.dir
      size: 17994685
      nfiles: 50
    - path: llm_podcast/settings.py
      hash: md5
      md5: f76db3302b00fa76c045548eff6bbb79
      size: 847
    - path: scripts/03_transcribe.py
      hash: md5
      md5: 2e36aa27a191866443da4acf8ce51968
      size: 730
    outs:
    - path: data/txt
      hash: md5
      md5: 9a8ac5aea8b5e0d80f4f743b8fa9af63.dir
      size: 553179
      nfiles: 50
  summary:
    cmd: python scripts/04_summary.py
    deps:
    - path: data/txt
      hash: md5
      md5: 9a8ac5aea8b5e0d80f4f743b8fa9af63.dir
      size: 553179
      nfiles: 50
    - path: llm_podcast/settings.py
      hash: md5
      md5: f76db3302b00fa76c045548eff6bbb79
      size: 847
    - path: scripts/04_summary.py
      hash: md5
      md5: 2200485e8b6b32c20ff88cd937617633
      size: 2491
    outs:
    - path: data/summary
      hash: md5
      md5: c501156ffae3db958bd462efc7b44ed4.dir
      size: 27310
      nfiles: 50
  script:
    cmd: python scripts/05_script.py
    deps:
    - path: data/meeting
      hash: md5
      md5: 04827978faae579c7852127beeabb8ba.dir
      size: 16379
      nfiles: 1
    - path: data/summary
      hash: md5
      md5: c501156ffae3db958bd462efc7b44ed4.dir
      size: 27310
      nfiles: 50
    - path: llm_podcast/settings.py
      hash: md5
      md5: f76db3302b00fa76c045548eff6bbb79
      size: 847
    - path: scripts/05_script.py
      hash: md5
      md5: a98f7b90b112a68f4280901093af25ac
      size: 4891
    outs:
    - path: data/script
      hash: md5
      md5: 84ad1672edb190423b50125afdf48aac.dir
      size: 4931
      nfiles: 1
  tts:
    cmd: python scripts/06_tts.py
    deps:
    - path: data/script
      hash: md5
      md5: 84ad1672edb190423b50125afdf48aac.dir
      size: 4931
      nfiles: 1
    - path: llm_podcast/settings.py
      hash: md5
      md5: f76db3302b00fa76c045548eff6bbb79
      size: 847
    - path: scripts/06_tts.py
      hash: md5
      md5: 5569bf83542f2d8c8ae5e2f2b2475cfb
      size: 1133
    outs:
    - path: data/sound
      hash: md5
      md5: 152f94a22c08fe41db00463c99d95abc.dir
      size: 2455296
      nfiles: 1
