schema: '2.0'
stages:
  scrape:
    cmd: python scripts/01_scrape.py
    deps:
    - path: .env
      hash: md5
      md5: 06e5dc79602024c7e6149d2cc27a5198
      size: 271
    - path: llm_podcast/settings.py
      hash: md5
      md5: 3c87c4c5dd47be870abf3ad4945572c5
      size: 845
    - path: scripts/01_scrape.py
      hash: md5
      md5: fe28f94f4e503a84ce41b639f7953133
      size: 4117
    outs:
    - path: data/meeting
      hash: md5
      md5: 04827978faae579c7852127beeabb8ba.dir
      size: 16379
      nfiles: 1
  download:
    cmd: python scripts/02_download.py
    deps:
    - path: data/meeting
      hash: md5
      md5: 04827978faae579c7852127beeabb8ba.dir
      size: 16379
      nfiles: 1
    - path: llm_podcast/settings.py
      hash: md5
      md5: 3c87c4c5dd47be870abf3ad4945572c5
      size: 845
    - path: scripts/02_download.py
      hash: md5
      md5: cf630f9eb8fc856756c6c7546cda3977
      size: 951
    outs:
    - path: data/pdf
      hash: md5
      md5: 62c4fc56249f308b81684978a95ca8b5.dir
      size: 17994685
      nfiles: 50
  pdf_to_txt:
    cmd: python scripts/03_transcribe.py
    deps:
    - path: data/meeting
      hash: md5
      md5: 04827978faae579c7852127beeabb8ba.dir
      size: 16379
      nfiles: 1
    - path: data/pdf
      hash: md5
      md5: 62c4fc56249f308b81684978a95ca8b5.dir
      size: 17994685
      nfiles: 50
    - path: llm_podcast/settings.py
      hash: md5
      md5: 3c87c4c5dd47be870abf3ad4945572c5
      size: 845
    - path: scripts/03_transcribe.py
      hash: md5
      md5: 2e36aa27a191866443da4acf8ce51968
      size: 730
    outs:
    - path: data/txt
      hash: md5
      md5: 9a8ac5aea8b5e0d80f4f743b8fa9af63.dir
      size: 553179
      nfiles: 50
  summary:
    cmd: python scripts/04_summary.py
    deps:
    - path: data/txt
      hash: md5
      md5: 9a8ac5aea8b5e0d80f4f743b8fa9af63.dir
      size: 553179
      nfiles: 50
    - path: llm_podcast/settings.py
      hash: md5
      md5: 3c87c4c5dd47be870abf3ad4945572c5
      size: 845
    - path: scripts/04_summary.py
      hash: md5
      md5: c2aad705cd0fddc75491efa4e6f0c57d
      size: 2529
    outs:
    - path: data/summary
      hash: md5
      md5: c501156ffae3db958bd462efc7b44ed4.dir
      size: 27310
      nfiles: 50
  script:
    cmd: python scripts/05_script.py
    deps:
    - path: data/meeting
      hash: md5
      md5: 04827978faae579c7852127beeabb8ba.dir
      size: 16379
      nfiles: 1
    - path: data/summary
      hash: md5
      md5: c501156ffae3db958bd462efc7b44ed4.dir
      size: 27310
      nfiles: 50
    - path: llm_podcast/settings.py
      hash: md5
      md5: 3c87c4c5dd47be870abf3ad4945572c5
      size: 845
    - path: scripts/05_script.py
      hash: md5
      md5: f8f229fd97f104d2dbdbabfedf6885ba
      size: 4944
    outs:
    - path: data/script
      hash: md5
      md5: 064225e4a3bd96037b0c15319e5ceb76.dir
      size: 5592
      nfiles: 1
  tts:
    cmd: python scripts/06_tts.py
    deps:
    - path: data/script
      hash: md5
      md5: 064225e4a3bd96037b0c15319e5ceb76.dir
      size: 5592
      nfiles: 1
    - path: llm_podcast/settings.py
      hash: md5
      md5: 3c87c4c5dd47be870abf3ad4945572c5
      size: 845
    - path: scripts/06_tts.py
      hash: md5
      md5: 435a576ef99374e8fce8feccbfa0f110
      size: 1178
    outs:
    - path: data/sound
      hash: md5
      md5: fe91e035d98f67bb6f9c8f056d5ebe45.dir
      size: 3072000
      nfiles: 1
